
Microsoft Visual Studio Solution File, Format Version 12.00
# Visual Studio Version 17
VisualStudioVersion = 17.4.33213.308
MinimumVisualStudioVersion = 10.0.40219.1
Project("{9A19103F-16F7-4668-BE54-9A1E7A4F7556}") = "ImageResizeWebApp", "ImageResizeWebApp\ImageResizeWebApp.csproj", "{F8021E1C-CC0B-4A7F-9E57-264C2C8BC382}"
EndProject
Project("{FAE04EC0-301F-11D3-BF4B-00C04F79EFBC}") = "SmartCropvc", "SmartCropvc\SmartCropvc.csproj", "{C5E60F35-9949-42DE-A899-53CDEA649CDA}"
EndProject
Global
	GlobalSection(SolutionConfigurationPlatforms) = preSolution
		Debug|Any CPU = Debug|Any CPU
		Release|Any CPU = Release|Any CPU
	EndGlobalSection
	GlobalSection(ProjectConfigurationPlatforms) = postSolution
		{F8021E1C-CC0B-4A7F-9E57-264C2C8BC382}.Debug|Any CPU.ActiveCfg = Debug|Any CPU
		{F8021E1C-CC0B-4A7F-9E57-264C2C8BC382}.Debug|Any CPU.Build.0 = Debug|Any CPU
		{F8021E1C-CC0B-4A7F-9E57-264C2C8BC382}.Release|Any CPU.ActiveCfg = Release|Any CPU
		{F8021E1C-CC0B-4A7F-9E57-264C2C8BC382}.Release|Any CPU.Build.0 = Release|Any CPU
		{C5E60F35-9949-42DE-A899-53CDEA649CDA}.Debug|Any CPU.ActiveCfg = Debug|Any CPU
		{C5E60F35-9949-42DE-A899-53CDEA649CDA}.Debug|Any CPU.Build.0 = Debug|Any CPU
		{C5E60F35-9949-42DE-A899-53CDEA649CDA}.Release|Any CPU.ActiveCfg = Release|Any CPU
		{C5E60F35-9949-42DE-A899-53CDEA649CDA}.Release|Any CPU.Build.0 = Release|Any CPU
	EndGlobalSection
	GlobalSection(SolutionProperties) = preSolution
		HideSolutionNode = FALSE
	EndGlobalSection
	GlobalSection(ExtensibilityGlobals) = postSolution
		SolutionGuid = {013EE9BA-EC54-450C-A8F7-3E29112FC07F}
	EndGlobalSection
EndGlobal
